// !$*UTF8*$!
{
	archiveVersion = 1;
	classes = {
	};
	objectVersion = 50;
	objects = {

/* Begin PBXBuildFile section */
		7A566FEE22168C4D00E3C408 /* AppDelegate.m in Sources */ = {isa = PBXBuildFile; fileRef = 7A566FED22168C4D00E3C408 /* AppDelegate.m */; };
		7A566FF122168C4D00E3C408 /* ViewController.m in Sources */ = {isa = PBXBuildFile; fileRef = 7A566FF022168C4D00E3C408 /* ViewController.m */; };
		7A566FF422168C4D00E3C408 /* Main.storyboard in Resources */ = {isa = PBXBuildFile; fileRef = 7A566FF222168C4D00E3C408 /* Main.storyboard */; };
		7A566FF722168C4D00E3C408 /* Adonis_20190215_Timer.xcdatamodeld in Sources */ = {isa = PBXBuildFile; fileRef = 7A566FF522168C4D00E3C408 /* Adonis_20190215_Timer.xcdatamodeld */; };
		7A566FF922168C4E00E3C408 /* Assets.xcassets in Resources */ = {isa = PBXBuildFile; fileRef = 7A566FF822168C4E00E3C408 /* Assets.xcassets */; };
		7A566FFC22168C4E00E3C408 /* LaunchScreen.storyboard in Resources */ = {isa = PBXBuildFile; fileRef = 7A566FFA22168C4E00E3C408 /* LaunchScreen.storyboard */; };
		7A566FFF22168C4E00E3C408 /* main.m in Sources */ = {isa = PBXBuildFile; fileRef = 7A566FFE22168C4E00E3C408 /* main.m */; };
		7A56700922168C4F00E3C408 /* Adonis_20190215_TimerTests.m in Sources */ = {isa = PBXBuildFile; fileRef = 7A56700822168C4F00E3C408 /* Adonis_20190215_TimerTests.m */; };
		7A56701422168C4F00E3C408 /* Adonis_20190215_TimerUITests.m in Sources */ = {isa = PBXBuildFile; fileRef = 7A56701322168C4F00E3C408 /* Adonis_20190215_TimerUITests.m */; };
/* End PBXBuildFile section */

/* Begin PBXContainerItemProxy section */
		7A56700522168C4F00E3C408 /* PBXContainerItemProxy */ = {
			isa = PBXContainerItemProxy;
			containerPortal = 7A566FE122168C4D00E3C408 /* Project object */;
			proxyType = 1;
			remoteGlobalIDString = 7A566FE822168C4D00E3C408;
			remoteInfo = Adonis_20190215_Timer;
		};
		7A56701022168C4F00E3C408 /* PBXContainerItemProxy */ = {
			isa = PBXContainerItemProxy;
			containerPortal = 7A566FE122168C4D00E3C408 /* Project object */;
			proxyType = 1;
			remoteGlobalIDString = 7A566FE822168C4D00E3C408;
			remoteInfo = Adonis_20190215_Timer;
		};
/* End PBXContainerItemProxy section */

/* Begin PBXFileReference section */
		7A566FE922168C4D00E3C408 /* Adonis_20190215_Timer.app */ = {isa = PBXFileReference; explicitFileType = wrapper.application; includeInIndex = 0; path = Adonis_20190215_Timer.app; sourceTree = BUILT_PRODUCTS_DIR; };
		7A566FEC22168C4D00E3C408 /* AppDelegate.h */ = {isa = PBXFileReference; lastKnownFileType = sourcecode.c.h; path = AppDelegate.h; sourceTree = "<group>"; };
		7A566FED22168C4D00E3C408 /* AppDelegate.m */ = {isa = PBXFileReference; lastKnownFileType = sourcecode.c.objc; path = AppDelegate.m; sourceTree = "<group>"; };
		7A566FEF22168C4D00E3C408 /* ViewController.h */ = {isa = PBXFileReference; lastKnownFileType = sourcecode.c.h; path = ViewController.h; sourceTree = "<group>"; };
		7A566FF022168C4D00E3C408 /* ViewController.m */ = {isa = PBXFileReference; lastKnownFileType = sourcecode.c.objc; path = ViewController.m; sourceTree = "<group>"; };
		7A566FF322168C4D00E3C408 /* Base */ = {isa = PBXFileReference; lastKnownFileType = file.storyboard; name = Base; path = Base.lproj/Main.storyboard; sourceTree = "<group>"; };
		7A566FF622168C4D00E3C408 /* Adonis_20190215_Timer.xcdatamodel */ = {isa = PBXFileReference; lastKnownFileType = wrapper.xcdatamodel; path = Adonis_20190215_Timer.xcdatamodel; sourceTree = "<group>"; };
		7A566FF822168C4E00E3C408 /* Assets.xcassets */ = {isa = PBXFileReference; lastKnownFileType = folder.assetcatalog; path = Assets.xcassets; sourceTree = "<group>"; };
		7A566FFB22168C4E00E3C408 /* Base */ = {isa = PBXFileReference; lastKnownFileType = file.storyboard; name = Base; path = Base.lproj/LaunchScreen.storyboard; sourceTree = "<group>"; };
		7A566FFD22168C4E00E3C408 /* Info.plist */ = {isa = PBXFileReference; lastKnownFileType = text.plist.xml; path = Info.plist; sourceTree = "<group>"; };
		7A566FFE22168C4E00E3C408 /* main.m */ = {isa = PBXFileReference; lastKnownFileType = sourcecode.c.objc; path = main.m; sourceTree = "<group>"; };
		7A56700422168C4F00E3C408 /* Adonis_20190215_TimerTests.xctest */ = {isa = PBXFileReference; explicitFileType = wrapper.cfbundle; includeInIndex = 0; path = Adonis_20190215_TimerTests.xctest; sourceTree = BUILT_PRODUCTS_DIR; };
		7A56700822168C4F00E3C408 /* Adonis_20190215_TimerTests.m */ = {isa = PBXFileReference; lastKnownFileType = sourcecode.c.objc; path = Adonis_20190215_TimerTests.m; sourceTree = "<group>"; };
		7A56700A22168C4F00E3C408 /* Info.plist */ = {isa = PBXFileReference; lastKnownFileType = text.plist.xml; path = Info.plist; sourceTree = "<group>"; };
		7A56700F22168C4F00E3C408 /* Adonis_20190215_TimerUITests.xctest */ = {isa = PBXFileReference; explicitFileType = wrapper.cfbundle; includeInIndex = 0; path = Adonis_20190215_TimerUITests.xctest; sourceTree = BUILT_PRODUCTS_DIR; };
		7A56701322168C4F00E3C408 /* Adonis_20190215_TimerUITests.m */ = {isa = PBXFileReference; lastKnownFileType = sourcecode.c.objc; path = Adonis_20190215_TimerUITests.m; sourceTree = "<group>"; };
		7A56701522168C4F00E3C408 /* Info.plist */ = {isa = PBXFileReference; lastKnownFileType = text.plist.xml; path = Info.plist; sourceTree = "<group>"; };
/* End PBXFileReference section */

/* Begin PBXFrameworksBuildPhase section */
		7A566FE622168C4D00E3C408 /* Frameworks */ = {
			isa = PBXFrameworksBuildPhase;
			buildActionMask = 2147483647;
			files = (
			);
			runOnlyForDeploymentPostprocessing = 0;
		};
		7A56700122168C4F00E3C408 /* Frameworks */ = {
			isa = PBXFrameworksBuildPhase;
			buildActionMask = 2147483647;
			files = (
			);
			runOnlyForDeploymentPostprocessing = 0;
		};
		7A56700C22168C4F00E3C408 /* Frameworks */ = {
			isa = PBXFrameworksBuildPhase;
			buildActionMask = 2147483647;
			files = (
			);
			runOnlyForDeploymentPostprocessing = 0;
		};
/* End PBXFrameworksBuildPhase section */

/* Begin PBXGroup section */
		7A566FE022168C4D00E3C408 = {
			isa = PBXGroup;
			children = (
				7A566FEB22168C4D00E3C408 /* Adonis_20190215_Timer */,
				7A56700722168C4F00E3C408 /* Adonis_20190215_TimerTests */,
				7A56701222168C4F00E3C408 /* Adonis_20190215_TimerUITests */,
				7A566FEA22168C4D00E3C408 /* Products */,
			);
			sourceTree = "<group>";
		};
		7A566FEA22168C4D00E3C408 /* Products */ = {
			isa = PBXGroup;
			children = (
				7A566FE922168C4D00E3C408 /* Adonis_20190215_Timer.app */,
				7A56700422168C4F00E3C408 /* Adonis_20190215_TimerTests.xctest */,
				7A56700F22168C4F00E3C408 /* Adonis_20190215_TimerUITests.xctest */,
			);
			name = Products;
			sourceTree = "<group>";
		};
		7A566FEB22168C4D00E3C408 /* Adonis_20190215_Timer */ = {
			isa = PBXGroup;
			children = (
				7A566FEC22168C4D00E3C408 /* AppDelegate.h */,
				7A566FED22168C4D00E3C408 /* AppDelegate.m */,
				7A566FEF22168C4D00E3C408 /* ViewController.h */,
				7A566FF022168C4D00E3C408 /* ViewController.m */,
				7A566FF222168C4D00E3C408 /* Main.storyboard */,
				7A566FF822168C4E00E3C408 /* Assets.xcassets */,
				7A566FFA22168C4E00E3C408 /* LaunchScreen.storyboard */,
				7A566FFD22168C4E00E3C408 /* Info.plist */,
				7A566FFE22168C4E00E3C408 /* main.m */,
				7A566FF522168C4D00E3C408 /* Adonis_20190215_Timer.xcdatamodeld */,
			);
			path = Adonis_20190215_Timer;
			sourceTree = "<group>";
		};
		7A56700722168C4F00E3C408 /* Adonis_20190215_TimerTests */ = {
			isa = PBXGroup;
			children = (
				7A56700822168C4F00E3C408 /* Adonis_20190215_TimerTests.m */,
				7A56700A22168C4F00E3C408 /* Info.plist */,
			);
			path = Adonis_20190215_TimerTests;
			sourceTree = "<group>";
		};
		7A56701222168C4F00E3C408 /* Adonis_20190215_TimerUITests */ = {
			isa = PBXGroup;
			children = (
				7A56701322168C4F00E3C408 /* Adonis_20190215_TimerUITests.m */,
				7A56701522168C4F00E3C408 /* Info.plist */,
			);
			path = Adonis_20190215_TimerUITests;
			sourceTree = "<group>";
		};
/* End PBXGroup section */

/* Begin PBXNativeTarget section */
		7A566FE822168C4D00E3C408 /* Adonis_20190215_Timer */ = {
			isa = PBXNativeTarget;
			buildConfigurationList = 7A56701822168C4F00E3C408 /* Build configuration list for PBXNativeTarget "Adonis_20190215_Timer" */;
			buildPhases = (
				7A566FE522168C4D00E3C408 /* Sources */,
				7A566FE622168C4D00E3C408 /* Frameworks */,
				7A566FE722168C4D00E3C408 /* Resources */,
			);
			buildRules = (
			);
			dependencies = (
			);
			name = Adonis_20190215_Timer;
			productName = Adonis_20190215_Timer;
			productReference = 7A566FE922168C4D00E3C408 /* Adonis_20190215_Timer.app */;
			productType = "com.apple.product-type.application";
		};
		7A56700322168C4F00E3C408 /* Adonis_20190215_TimerTests */ = {
			isa = PBXNativeTarget;
			buildConfigurationList = 7A56701B22168C4F00E3C408 /* Build configuration list for PBXNativeTarget "Adonis_20190215_TimerTests" */;
			buildPhases = (
				7A56700022168C4F00E3C408 /* Sources */,
				7A56700122168C4F00E3C408 /* Frameworks */,
				7A56700222168C4F00E3C408 /* Resources */,
			);
			buildRules = (
			);
			dependencies = (
				7A56700622168C4F00E3C408 /* PBXTargetDependency */,
			);
			name = Adonis_20190215_TimerTests;
			productName = Adonis_20190215_TimerTests;
			productReference = 7A56700422168C4F00E3C408 /* Adonis_20190215_TimerTests.xctest */;
			productType = "com.apple.product-type.bundle.unit-test";
		};
		7A56700E22168C4F00E3C408 /* Adonis_20190215_TimerUITests */ = {
			isa = PBXNativeTarget;
			buildConfigurationList = 7A56701E22168C4F00E3C408 /* Build configuration list for PBXNativeTarget "Adonis_20190215_TimerUITests" */;
			buildPhases = (
				7A56700B22168C4F00E3C408 /* Sources */,
				7A56700C22168C4F00E3C408 /* Frameworks */,
				7A56700D22168C4F00E3C408 /* Resources */,
			);
			buildRules = (
			);
			dependencies = (
				7A56701122168C4F00E3C408 /* PBXTargetDependency */,
			);
			name = Adonis_20190215_TimerUITests;
			productName = Adonis_20190215_TimerUITests;
			productReference = 7A56700F22168C4F00E3C408 /* Adonis_20190215_TimerUITests.xctest */;
			productType = "com.apple.product-type.bundle.ui-testing";
		};
/* End PBXNativeTarget section */

/* Begin PBXProject section */
		7A566FE122168C4D00E3C408 /* Project object */ = {
			isa = PBXProject;
			attributes = {
				LastUpgradeCheck = 1010;
				ORGANIZATIONNAME = "Nikoyo (China）Electronics Systems Co., Ltd.";
				TargetAttributes = {
					7A566FE822168C4D00E3C408 = {
						CreatedOnToolsVersion = 10.1;
					};
					7A56700322168C4F00E3C408 = {
						CreatedOnToolsVersion = 10.1;
						TestTargetID = 7A566FE822168C4D00E3C408;
					};
					7A56700E22168C4F00E3C408 = {
						CreatedOnToolsVersion = 10.1;
						TestTargetID = 7A566FE822168C4D00E3C408;
					};
				};
			};
			buildConfigurationList = 7A566FE422168C4D00E3C408 /* Build configuration list for PBXProject "Adonis_20190215_Timer" */;
			compatibilityVersion = "Xcode 9.3";
			developmentRegion = en;
			hasScannedForEncodings = 0;
			knownRegions = (
				en,
				Base,
			);
			mainGroup = 7A566FE022168C4D00E3C408;
			productRefGroup = 7A566FEA22168C4D00E3C408 /* Products */;
			projectDirPath = "";
			projectRoot = "";
			targets = (
				7A566FE822168C4D00E3C408 /* Adonis_20190215_Timer */,
				7A56700322168C4F00E3C408 /* Adonis_20190215_TimerTests */,
				7A56700E22168C4F00E3C408 /* Adonis_20190215_TimerUITests */,
			);
		};
/* End PBXProject section */

/* Begin PBXResourcesBuildPhase section */
		7A566FE722168C4D00E3C408 /* Resources */ = {
			isa = PBXResourcesBuildPhase;
			buildActionMask = 2147483647;
			files = (
				7A566FFC22168C4E00E3C408 /* LaunchScreen.storyboard in Resources */,
				7A566FF922168C4E00E3C408 /* Assets.xcassets in Resources */,
				7A566FF422168C4D00E3C408 /* Main.storyboard in Resources */,
			);
			runOnlyForDeploymentPostprocessing = 0;
		};
		7A56700222168C4F00E3C408 /* Resources */ = {
			isa = PBXResourcesBuildPhase;
			buildActionMask = 2147483647;
			files = (
			);
			runOnlyForDeploymentPostprocessing = 0;
		};
		7A56700D22168C4F00E3C408 /* Resources */ = {
			isa = PBXResourcesBuildPhase;
			buildActionMask = 2147483647;
			files = (
			);
			runOnlyForDeploymentPostprocessing = 0;
		};
/* End PBXResourcesBuildPhase section */

/* Begin PBXSourcesBuildPhase section */
		7A566FE522168C4D00E3C408 /* Sources */ = {
			isa = PBXSourcesBuildPhase;
			buildActionMask = 2147483647;
			files = (
				7A566FF722168C4D00E3C408 /* Adonis_20190215_Timer.xcdatamodeld in Sources */,
				7A566FF122168C4D00E3C408 /* ViewController.m in Sources */,
				7A566FFF22168C4E00E3C408 /* main.m in Sources */,
				7A566FEE22168C4D00E3C408 /* AppDelegate.m in Sources */,
			);
			runOnlyForDeploymentPostprocessing = 0;
		};
		7A56700022168C4F00E3C408 /* Sources */ = {
			isa = PBXSourcesBuildPhase;
			buildActionMask = 2147483647;
			files = (
				7A56700922168C4F00E3C408 /* Adonis_20190215_TimerTests.m in Sources */,
			);
			runOnlyForDeploymentPostprocessing = 0;
		};
		7A56700B22168C4F00E3C408 /* Sources */ = {
			isa = PBXSourcesBuildPhase;
			buildActionMask = 2147483647;
			files = (
				7A56701422168C4F00E3C408 /* Adonis_20190215_TimerUITests.m in Sources */,
			);
			runOnlyForDeploymentPostprocessing = 0;
		};
/* End PBXSourcesBuildPhase section */

/* Begin PBXTargetDependency section */
		7A56700622168C4F00E3C408 /* PBXTargetDependency */ = {
			isa = PBXTargetDependency;
			target = 7A566FE822168C4D00E3C408 /* Adonis_20190215_Timer */;
			targetProxy = 7A56700522168C4F00E3C408 /* PBXContainerItemProxy */;
		};
		7A56701122168C4F00E3C408 /* PBXTargetDependency */ = {
			isa = PBXTargetDependency;
			target = 7A566FE822168C4D00E3C408 /* Adonis_20190215_Timer */;
			targetProxy = 7A56701022168C4F00E3C408 /* PBXContainerItemProxy */;
		};
/* End PBXTargetDependency section */

/* Begin PBXVariantGroup section */
		7A566FF222168C4D00E3C408 /* Main.storyboard */ = {
			isa = PBXVariantGroup;
			children = (
				7A566FF322168C4D00E3C408 /* Base */,
			);
			name = Main.storyboard;
			sourceTree = "<group>";
		};
		7A566FFA22168C4E00E3C408 /* LaunchScreen.storyboard */ = {
			isa = PBXVariantGroup;
			children = (
				7A566FFB22168C4E00E3C408 /* Base */,
			);
			name = LaunchScreen.storyboard;
			sourceTree = "<group>";
		};
/* End PBXVariantGroup section */

/* Begin XCBuildConfiguration section */
		7A56701622168C4F00E3C408 /* Debug */ = {
			isa = XCBuildConfiguration;
			buildSettings = {
				ALWAYS_SEARCH_USER_PATHS = NO;
				CLANG_ANALYZER_NONNULL = YES;
				CLANG_ANALYZER_NUMBER_OBJECT_CONVERSION = YES_AGGRESSIVE;
				CLANG_CXX_LANGUAGE_STANDARD = "gnu++14";
				CLANG_CXX_LIBRARY = "libc++";
				CLANG_ENABLE_MODULES = YES;
				CLANG_ENABLE_OBJC_ARC = YES;
				CLANG_ENABLE_OBJC_WEAK = YES;
				CLANG_WARN_BLOCK_CAPTURE_AUTORELEASING = YES;
				CLANG_WARN_BOOL_CONVERSION = YES;
				CLANG_WARN_COMMA = YES;
				CLANG_WARN_CONSTANT_CONVERSION = YES;
				CLANG_WARN_DEPRECATED_OBJC_IMPLEMENTATIONS = YES;
				CLANG_WARN_DIRECT_OBJC_ISA_USAGE = YES_ERROR;
				CLANG_WARN_DOCUMENTATION_COMMENTS = YES;
				CLANG_WARN_EMPTY_BODY = YES;
				CLANG_WARN_ENUM_CONVERSION = YES;
				CLANG_WARN_INFINITE_RECURSION = YES;
				CLANG_WARN_INT_CONVERSION = YES;
				CLANG_WARN_NON_LITERAL_NULL_CONVERSION = YES;
				CLANG_WARN_OBJC_IMPLICIT_RETAIN_SELF = YES;
				CLANG_WARN_OBJC_LITERAL_CONVERSION = YES;
				CLANG_WARN_OBJC_ROOT_CLASS = YES_ERROR;
				CLANG_WARN_RANGE_LOOP_ANALYSIS = YES;
				CLANG_WARN_STRICT_PROTOTYPES = YES;
				CLANG_WARN_SUSPICIOUS_MOVE = YES;
				CLANG_WARN_UNGUARDED_AVAILABILITY = YES_AGGRESSIVE;
				CLANG_WARN_UNREACHABLE_CODE = YES;
				CLANG_WARN__DUPLICATE_METHOD_MATCH = YES;
				CODE_SIGN_IDENTITY = "iPhone Developer";
				COPY_PHASE_STRIP = NO;
				DEBUG_INFORMATION_FORMAT = dwarf;
				ENABLE_STRICT_OBJC_MSGSEND = YES;
				ENABLE_TESTABILITY = YES;
				GCC_C_LANGUAGE_STANDARD = gnu11;
				GCC_DYNAMIC_NO_PIC = NO;
				GCC_NO_COMMON_BLOCKS = YES;
				GCC_OPTIMIZATION_LEVEL = 0;
				GCC_PREPROCESSOR_DEFINITIONS = (
					"DEBUG=1",
					"$(inherited)",
				);
				GCC_WARN_64_TO_32_BIT_CONVERSION = YES;
				GCC_WARN_ABOUT_RETURN_TYPE = YES_ERROR;
				GCC_WARN_UNDECLARED_SELECTOR = YES;
				GCC_WARN_UNINITIALIZED_AUTOS = YES_AGGRESSIVE;
				GCC_WARN_UNUSED_FUNCTION = YES;
				GCC_WARN_UNUSED_VARIABLE = YES;
				IPHONEOS_DEPLOYMENT_TARGET = 12.1;
				MTL_ENABLE_DEBUG_INFO = INCLUDE_SOURCE;
				MTL_FAST_MATH = YES;
				ONLY_ACTIVE_ARCH = YES;
				SDKROOT = iphoneos;
			};
			name = Debug;
		};
		7A56701722168C4F00E3C408 /* Release */ = {
			isa = XCBuildConfiguration;
			buildSettings = {
				ALWAYS_SEARCH_USER_PATHS = NO;
				CLANG_ANALYZER_NONNULL = YES;
				CLANG_ANALYZER_NUMBER_OBJECT_CONVERSION = YES_AGGRESSIVE;
				CLANG_CXX_LANGUAGE_STANDARD = "gnu++14";
				CLANG_CXX_LIBRARY = "libc++";
				CLANG_ENABLE_MODULES = YES;
				CLANG_ENABLE_OBJC_ARC = YES;
				CLANG_ENABLE_OBJC_WEAK = YES;
				CLANG_WARN_BLOCK_CAPTURE_AUTORELEASING = YES;
				CLANG_WARN_BOOL_CONVERSION = YES;
				CLANG_WARN_COMMA = YES;
				CLANG_WARN_CONSTANT_CONVERSION = YES;
				CLANG_WARN_DEPRECATED_OBJC_IMPLEMENTATIONS = YES;
				CLANG_WARN_DIRECT_OBJC_ISA_USAGE = YES_ERROR;
				CLANG_WARN_DOCUMENTATION_COMMENTS = YES;
				CLANG_WARN_EMPTY_BODY = YES;
				CLANG_WARN_ENUM_CONVERSION = YES;
				CLANG_WARN_INFINITE_RECURSION = YES;
				CLANG_WARN_INT_CONVERSION = YES;
				CLANG_WARN_NON_LITERAL_NULL_CONVERSION = YES;
				CLANG_WARN_OBJC_IMPLICIT_RETAIN_SELF = YES;
				CLANG_WARN_OBJC_LITERAL_CONVERSION = YES;
				CLANG_WARN_OBJC_ROOT_CLASS = YES_ERROR;
				CLANG_WARN_RANGE_LOOP_ANALYSIS = YES;
				CLANG_WARN_STRICT_PROTOTYPES = YES;
				CLANG_WARN_SUSPICIOUS_MOVE = YES;
				CLANG_WARN_UNGUARDED_AVAILABILITY = YES_AGGRESSIVE;
				CLANG_WARN_UNREACHABLE_CODE = YES;
				CLANG_WARN__DUPLICATE_METHOD_MATCH = YES;
				CODE_SIGN_IDENTITY = "iPhone Developer";
				COPY_PHASE_STRIP = NO;
				DEBUG_INFORMATION_FORMAT = "dwarf-with-dsym";
				ENABLE_NS_ASSERTIONS = NO;
				ENABLE_STRICT_OBJC_MSGSEND = YES;
				GCC_C_LANGUAGE_STANDARD = gnu11;
				GCC_NO_COMMON_BLOCKS = YES;
				GCC_WARN_64_TO_32_BIT_CONVERSION = YES;
				GCC_WARN_ABOUT_RETURN_TYPE = YES_ERROR;
				GCC_WARN_UNDECLARED_SELECTOR = YES;
				GCC_WARN_UNINITIALIZED_AUTOS = YES_AGGRESSIVE;
				GCC_WARN_UNUSED_FUNCTION = YES;
				GCC_WARN_UNUSED_VARIABLE = YES;
				IPHONEOS_DEPLOYMENT_TARGET = 12.1;
				MTL_ENABLE_DEBUG_INFO = NO;
				MTL_FAST_MATH = YES;
				SDKROOT = iphoneos;
				VALIDATE_PRODUCT = YES;
			};
			name = Release;
		};
		7A56701922168C4F00E3C408 /* Debug */ = {
			isa = XCBuildConfiguration;
			buildSettings = {
				ASSETCATALOG_COMPILER_APPICON_NAME = AppIcon;
				CODE_SIGN_STYLE = Automatic;
				DEVELOPMENT_TEAM = N2KQ965WEJ;
				INFOPLIST_FILE = Adonis_20190215_Timer/Info.plist;
				LD_RUNPATH_SEARCH_PATHS = (
					"$(inherited)",
					"@executable_path/Frameworks",
				);
				PRODUCT_BUNDLE_IDENTIFIER = "cn.com.nikoyo.www.Adonis-20190215-Timer";
				PRODUCT_NAME = "$(TARGET_NAME)";
				TARGETED_DEVICE_FAMILY = "1,2";
			};
			name = Debug;
		};
		7A56701A22168C4F00E3C408 /* Release */ = {
			isa = XCBuildConfiguration;
			buildSettings = {
				ASSETCATALOG_COMPILER_APPICON_NAME = AppIcon;
				CODE_SIGN_STYLE = Automatic;
				DEVELOPMENT_TEAM = N2KQ965WEJ;
				INFOPLIST_FILE = Adonis_20190215_Timer/Info.plist;
				LD_RUNPATH_SEARCH_PATHS = (
					"$(inherited)",
					"@executable_path/Frameworks",
				);
				PRODUCT_BUNDLE_IDENTIFIER = "cn.com.nikoyo.www.Adonis-20190215-Timer";
				PRODUCT_NAME = "$(TARGET_NAME)";
				TARGETED_DEVICE_FAMILY = "1,2";
			};
			name = Release;
		};
		7A56701C22168C4F00E3C408 /* Debug */ = {
			isa = XCBuildConfiguration;
			buildSettings = {
				BUNDLE_LOADER = "$(TEST_HOST)";
				CODE_SIGN_STYLE = Automatic;
				DEVELOPMENT_TEAM = N2KQ965WEJ;
				INFOPLIST_FILE = Adonis_20190215_TimerTests/Info.plist;
				LD_RUNPATH_SEARCH_PATHS = (
					"$(inherited)",
					"@executable_path/Frameworks",
					"@loader_path/Frameworks",
				);
				PRODUCT_BUNDLE_IDENTIFIER = "cn.com.nikoyo.www.Adonis-20190215-TimerTests";
				PRODUCT_NAME = "$(TARGET_NAME)";
				TARGETED_DEVICE_FAMILY = "1,2";
				TEST_HOST = "$(BUILT_PRODUCTS_DIR)/Adonis_20190215_Timer.app/Adonis_20190215_Timer";
			};
			name = Debug;
		};
		7A56701D22168C4F00E3C408 /* Release */ = {
			isa = XCBuildConfiguration;
			buildSettings = {
				BUNDLE_LOADER = "$(TEST_HOST)";
				CODE_SIGN_STYLE = Automatic;
				DEVELOPMENT_TEAM = N2KQ965WEJ;
				INFOPLIST_FILE = Adonis_20190215_TimerTests/Info.plist;
				LD_RUNPATH_SEARCH_PATHS = (
					"$(inherited)",
					"@executable_path/Frameworks",
					"@loader_path/Frameworks",
				);
				PRODUCT_BUNDLE_IDENTIFIER = "cn.com.nikoyo.www.Adonis-20190215-TimerTests";
				PRODUCT_NAME = "$(TARGET_NAME)";
				TARGETED_DEVICE_FAMILY = "1,2";
				TEST_HOST = "$(BUILT_PRODUCTS_DIR)/Adonis_20190215_Timer.app/Adonis_20190215_Timer";
			};
			name = Release;
		};
		7A56701F22168C4F00E3C408 /* Debug */ = {
			isa = XCBuildConfiguration;
			buildSettings = {
				CODE_SIGN_STYLE = Automatic;
				DEVELOPMENT_TEAM = N2KQ965WEJ;
				INFOPLIST_FILE = Adonis_20190215_TimerUITests/Info.plist;
				LD_RUNPATH_SEARCH_PATHS = (
					"$(inherited)",
					"@executable_path/Frameworks",
					"@loader_path/Frameworks",
				);
				PRODUCT_BUNDLE_IDENTIFIER = "cn.com.nikoyo.www.Adonis-20190215-TimerUITests";
				PRODUCT_NAME = "$(TARGET_NAME)";
				TARGETED_DEVICE_FAMILY = "1,2";
				TEST_TARGET_NAME = Adonis_20190215_Timer;
			};
			name = Debug;
		};
		7A56702022168C4F00E3C408 /* Release */ = {
			isa = XCBuildConfiguration;
			buildSettings = {
				CODE_SIGN_STYLE = Automatic;
				DEVELOPMENT_TEAM = N2KQ965WEJ;
				INFOPLIST_FILE = Adonis_20190215_TimerUITests/Info.plist;
				LD_RUNPATH_SEARCH_PATHS = (
					"$(inherited)",
					"@executable_path/Frameworks",
					"@loader_path/Frameworks",
				);
				PRODUCT_BUNDLE_IDENTIFIER = "cn.com.nikoyo.www.Adonis-20190215-TimerUITests";
				PRODUCT_NAME = "$(TARGET_NAME)";
				TARGETED_DEVICE_FAMILY = "1,2";
				TEST_TARGET_NAME = Adonis_20190215_Timer;
			};
			name = Release;
		};
/* End XCBuildConfiguration section */

/* Begin XCConfigurationList section */
		7A566FE422168C4D00E3C408 /* Build configuration list for PBXProject "Adonis_20190215_Timer" */ = {
			isa = XCConfigurationList;
			buildConfigurations = (
				7A56701622168C4F00E3C408 /* Debug */,
				7A56701722168C4F00E3C408 /* Release */,
			);
			defaultConfigurationIsVisible = 0;
			defaultConfigurationName = Release;
		};
		7A56701822168C4F00E3C408 /* Build configuration list for PBXNativeTarget "Adonis_20190215_Timer" */ = {
			isa = XCConfigurationList;
			buildConfigurations = (
				7A56701922168C4F00E3C408 /* Debug */,
				7A56701A22168C4F00E3C408 /* Release */,
			);
			defaultConfigurationIsVisible = 0;
			defaultConfigurationName = Release;
		};
		7A56701B22168C4F00E3C408 /* Build configuration list for PBXNativeTarget "Adonis_20190215_TimerTests" */ = {
			isa = XCConfigurationList;
			buildConfigurations = (
				7A56701C22168C4F00E3C408 /* Debug */,
				7A56701D22168C4F00E3C408 /* Release */,
			);
			defaultConfigurationIsVisible = 0;
			defaultConfigurationName = Release;
		};
		7A56701E22168C4F00E3C408 /* Build configuration list for PBXNativeTarget "Adonis_20190215_TimerUITests" */ = {
			isa = XCConfigurationList;
			buildConfigurations = (
				7A56701F22168C4F00E3C408 /* Debug */,
				7A56702022168C4F00E3C408 /* Release */,
			);
			defaultConfigurationIsVisible = 0;
			defaultConfigurationName = Release;
		};
/* End XCConfigurationList section */

/* Begin XCVersionGroup section */
		7A566FF522168C4D00E3C408 /* Adonis_20190215_Timer.xcdatamodeld */ = {
			isa = XCVersionGroup;
			children = (
				7A566FF622168C4D00E3C408 /* Adonis_20190215_Timer.xcdatamodel */,
			);
			currentVersion = 7A566FF622168C4D00E3C408 /* Adonis_20190215_Timer.xcdatamodel */;
			path = Adonis_20190215_Timer.xcdatamodeld;
			sourceTree = "<group>";
			versionGroupType = wrapper.xcdatamodel;
		};
/* End XCVersionGroup section */
	};
	rootObject = 7A566FE122168C4D00E3C408 /* Project object */;
}
